
Microsoft Visual Studio Solution File, Format Version 12.00
# Visual Studio 15
VisualStudioVersion = 15.0.27703.2035
MinimumVisualStudioVersion = 10.0.40219.1
Project("{FAE04EC0-301F-11D3-BF4B-00C04F79EFBC}") = "MetacognitiveTutor.Api", "MetacognitiveTutor.Api\MetacognitiveTutor.Api.csproj", "{4E61297E-9B17-4F29-82A9-6419843E00CC}"
EndProject
Project("{2150E333-8FDC-42A3-9474-1A3956D46DE8}") = "Sql", "Sql", "{F8E86005-14F3-4191-9F3C-669CF89D7B49}"
	ProjectSection(SolutionItems) = preProject
		01.001.sql = 01.001.sql
	EndProjectSection
EndProject
Project("{FAE04EC0-301F-11D3-BF4B-00C04F79EFBC}") = "MetacognitiveTutor.DataLayer", "MetacognitiveTutor.DataLayer\MetacognitiveTutor.DataLayer.csproj", "{AD92AC51-335E-487D-8534-D56E1E610F7B}"
EndProject
Global
	GlobalSection(SolutionConfigurationPlatforms) = preSolution
		Debug|Any CPU = Debug|Any CPU
		Release|Any CPU = Release|Any CPU
	EndGlobalSection
	GlobalSection(ProjectConfigurationPlatforms) = postSolution
		{4E61297E-9B17-4F29-82A9-6419843E00CC}.Debug|Any CPU.ActiveCfg = Debug|Any CPU
		{4E61297E-9B17-4F29-82A9-6419843E00CC}.Debug|Any CPU.Build.0 = Debug|Any CPU
		{4E61297E-9B17-4F29-82A9-6419843E00CC}.Release|Any CPU.ActiveCfg = Release|Any CPU
		{4E61297E-9B17-4F29-82A9-6419843E00CC}.Release|Any CPU.Build.0 = Release|Any CPU
		{AD92AC51-335E-487D-8534-D56E1E610F7B}.Debug|Any CPU.ActiveCfg = Debug|Any CPU
		{AD92AC51-335E-487D-8534-D56E1E610F7B}.Debug|Any CPU.Build.0 = Debug|Any CPU
		{AD92AC51-335E-487D-8534-D56E1E610F7B}.Release|Any CPU.ActiveCfg = Release|Any CPU
		{AD92AC51-335E-487D-8534-D56E1E610F7B}.Release|Any CPU.Build.0 = Release|Any CPU
	EndGlobalSection
	GlobalSection(SolutionProperties) = preSolution
		HideSolutionNode = FALSE
	EndGlobalSection
	GlobalSection(ExtensibilityGlobals) = postSolution
		SolutionGuid = {061E59B9-C2B8-4845-A1D5-AD02AF24F5B2}
	EndGlobalSection
EndGlobal
